// !$*UTF8*$!
{
	archiveVersion = 1;
	classes = {
	};
	objectVersion = 46;
	objects = {

/* Begin PBXBuildFile section */
		2909374D1EFAB41B00B4899B /* main.m in Sources */ = {isa = PBXBuildFile; fileRef = 2909374C1EFAB41B00B4899B /* main.m */; };
		290937501EFAB41B00B4899B /* AppDelegate.m in Sources */ = {isa = PBXBuildFile; fileRef = 2909374F1EFAB41B00B4899B /* AppDelegate.m */; };
		290937531EFAB41B00B4899B /* ViewController.m in Sources */ = {isa = PBXBuildFile; fileRef = 290937521EFAB41B00B4899B /* ViewController.m */; };
		290937561EFAB41B00B4899B /* Main.storyboard in Resources */ = {isa = PBXBuildFile; fileRef = 290937541EFAB41B00B4899B /* Main.storyboard */; };
		290937581EFAB41B00B4899B /* Assets.xcassets in Resources */ = {isa = PBXBuildFile; fileRef = 290937571EFAB41B00B4899B /* Assets.xcassets */; };
		2909375B1EFAB41B00B4899B /* LaunchScreen.storyboard in Resources */ = {isa = PBXBuildFile; fileRef = 290937591EFAB41B00B4899B /* LaunchScreen.storyboard */; };
/* End PBXBuildFile section */

/* Begin PBXFileReference section */
		290937481EFAB41B00B4899B /* Git Demo.app */ = {isa = PBXFileReference; explicitFileType = wrapper.application; includeInIndex = 0; path = "Git Demo.app"; sourceTree = BUILT_PRODUCTS_DIR; };
		2909374C1EFAB41B00B4899B /* main.m */ = {isa = PBXFileReference; lastKnownFileType = sourcecode.c.objc; path = main.m; sourceTree = "<group>"; };
		2909374E1EFAB41B00B4899B /* AppDelegate.h */ = {isa = PBXFileReference; lastKnownFileType = sourcecode.c.h; path = AppDelegate.h; sourceTree = "<group>"; };
		2909374F1EFAB41B00B4899B /* AppDelegate.m */ = {isa = PBXFileReference; lastKnownFileType = sourcecode.c.objc; path = AppDelegate.m; sourceTree = "<group>"; };
		290937511EFAB41B00B4899B /* ViewController.h */ = {isa = PBXFileReference; lastKnownFileType = sourcecode.c.h; path = ViewController.h; sourceTree = "<group>"; };
		290937521EFAB41B00B4899B /* ViewController.m */ = {isa = PBXFileReference; lastKnownFileType = sourcecode.c.objc; path = ViewController.m; sourceTree = "<group>"; };
		290937551EFAB41B00B4899B /* Base */ = {isa = PBXFileReference; lastKnownFileType = file.storyboard; name = Base; path = Base.lproj/Main.storyboard; sourceTree = "<group>"; };
		290937571EFAB41B00B4899B /* Assets.xcassets */ = {isa = PBXFileReference; lastKnownFileType = folder.assetcatalog; path = Assets.xcassets; sourceTree = "<group>"; };
		2909375A1EFAB41B00B4899B /* Base */ = {isa = PBXFileReference; lastKnownFileType = file.storyboard; name = Base; path = Base.lproj/LaunchScreen.storyboard; sourceTree = "<group>"; };
		2909375C1EFAB41B00B4899B /* Info.plist */ = {isa = PBXFileReference; lastKnownFileType = text.plist.xml; path = Info.plist; sourceTree = "<group>"; };
/* End PBXFileReference section */

/* Begin PBXFrameworksBuildPhase section */
		290937451EFAB41B00B4899B /* Frameworks */ = {
			isa = PBXFrameworksBuildPhase;
			buildActionMask = 2147483647;
			files = (
			);
			runOnlyForDeploymentPostprocessing = 0;
		};
/* End PBXFrameworksBuildPhase section */

/* Begin PBXGroup section */
		2909373F1EFAB41B00B4899B = {
			isa = PBXGroup;
			children = (
				2909374A1EFAB41B00B4899B /* Git Demo */,
				290937491EFAB41B00B4899B /* Products */,
			);
			sourceTree = "<group>";
		};
		290937491EFAB41B00B4899B /* Products */ = {
			isa = PBXGroup;
			children = (
				290937481EFAB41B00B4899B /* Git Demo.app */,
			);
			name = Products;
			sourceTree = "<group>";
		};
		2909374A1EFAB41B00B4899B /* Git Demo */ = {
			isa = PBXGroup;
			children = (
				2909374E1EFAB41B00B4899B /* AppDelegate.h */,
				2909374F1EFAB41B00B4899B /* AppDelegate.m */,
				290937511EFAB41B00B4899B /* ViewController.h */,
				290937521EFAB41B00B4899B /* ViewController.m */,
				290937541EFAB41B00B4899B /* Main.storyboard */,
				290937571EFAB41B00B4899B /* Assets.xcassets */,
				290937591EFAB41B00B4899B /* LaunchScreen.storyboard */,
				2909375C1EFAB41B00B4899B /* Info.plist */,
				2909374B1EFAB41B00B4899B /* Supporting Files */,
			);
			path = "Git Demo";
			sourceTree = "<group>";
		};
		2909374B1EFAB41B00B4899B /* Supporting Files */ = {
			isa = PBXGroup;
			children = (
				2909374C1EFAB41B00B4899B /* main.m */,
			);
			name = "Supporting Files";
			sourceTree = "<group>";
		};
/* End PBXGroup section */

/* Begin PBXNativeTarget section */
		290937471EFAB41B00B4899B /* Git Demo */ = {
			isa = PBXNativeTarget;
			buildConfigurationList = 2909375F1EFAB41B00B4899B /* Build configuration list for PBXNativeTarget "Git Demo" */;
			buildPhases = (
				290937441EFAB41B00B4899B /* Sources */,
				290937451EFAB41B00B4899B /* Frameworks */,
				290937461EFAB41B00B4899B /* Resources */,
			);
			buildRules = (
			);
			dependencies = (
			);
			name = "Git Demo";
			productName = "Git Demo";
			productReference = 290937481EFAB41B00B4899B /* Git Demo.app */;
			productType = "com.apple.product-type.application";
		};
/* End PBXNativeTarget section */

/* Begin PBXProject section */
		290937401EFAB41B00B4899B /* Project object */ = {
			isa = PBXProject;
			attributes = {
				LastUpgradeCheck = 0830;
				ORGANIZATIONNAME = Offsureit;
				TargetAttributes = {
					290937471EFAB41B00B4899B = {
						CreatedOnToolsVersion = 8.3.2;
						DevelopmentTeam = 7KUJW9SX23;
						ProvisioningStyle = Automatic;
					};
				};
			};
			buildConfigurationList = 290937431EFAB41B00B4899B /* Build configuration list for PBXProject "Git Demo" */;
			compatibilityVersion = "Xcode 3.2";
			developmentRegion = English;
			hasScannedForEncodings = 0;
			knownRegions = (
				en,
				Base,
			);
			mainGroup = 2909373F1EFAB41B00B4899B;
			productRefGroup = 290937491EFAB41B00B4899B /* Products */;
			projectDirPath = "";
			projectRoot = "";
			targets = (
				290937471EFAB41B00B4899B /* Git Demo */,
			);
		};
/* End PBXProject section */

/* Begin PBXResourcesBuildPhase section */
		290937461EFAB41B00B4899B /* Resources */ = {
			isa = PBXResourcesBuildPhase;
			buildActionMask = 2147483647;
			files = (
				2909375B1EFAB41B00B4899B /* LaunchScreen.storyboard in Resources */,
				290937581EFAB41B00B4899B /* Assets.xcassets in Resources */,
				290937561EFAB41B00B4899B /* Main.storyboard in Resources */,
			);
			runOnlyForDeploymentPostprocessing = 0;
		};
/* End PBXResourcesBuildPhase section */

/* Begin PBXSourcesBuildPhase section */
		290937441EFAB41B00B4899B /* Sources */ = {
			isa = PBXSourcesBuildPhase;
			buildActionMask = 2147483647;
			files = (
				290937531EFAB41B00B4899B /* ViewController.m in Sources */,
				290937501EFAB41B00B4899B /* AppDelegate.m in Sources */,
				2909374D1EFAB41B00B4899B /* main.m in Sources */,
			);
			runOnlyForDeploymentPostprocessing = 0;
		};
/* End PBXSourcesBuildPhase section */

/* Begin PBXVariantGroup section */
		290937541EFAB41B00B4899B /* Main.storyboard */ = {
			isa = PBXVariantGroup;
			children = (
				290937551EFAB41B00B4899B /* Base */,
			);
			name = Main.storyboard;
			sourceTree = "<group>";
		};
		290937591EFAB41B00B4899B /* LaunchScreen.storyboard */ = {
			isa = PBXVariantGroup;
			children = (
				2909375A1EFAB41B00B4899B /* Base */,
			);
			name = LaunchScreen.storyboard;
			sourceTree = "<group>";
		};
/* End PBXVariantGroup section */

/* Begin XCBuildConfiguration section */
		2909375D1EFAB41B00B4899B /* Debug */ = {
			isa = XCBuildConfiguration;
			buildSettings = {
				ALWAYS_SEARCH_USER_PATHS = NO;
				CLANG_ANALYZER_NONNULL = YES;
				CLANG_ANALYZER_NUMBER_OBJECT_CONVERSION = YES_AGGRESSIVE;
				CLANG_CXX_LANGUAGE_STANDARD = "gnu++0x";
				CLANG_CXX_LIBRARY = "libc++";
				CLANG_ENABLE_MODULES = YES;
				CLANG_ENABLE_OBJC_ARC = YES;
				CLANG_WARN_BOOL_CONVERSION = YES;
				CLANG_WARN_CONSTANT_CONVERSION = YES;
				CLANG_WARN_DIRECT_OBJC_ISA_USAGE = YES_ERROR;
				CLANG_WARN_DOCUMENTATION_COMMENTS = YES;
				CLANG_WARN_EMPTY_BODY = YES;
				CLANG_WARN_ENUM_CONVERSION = YES;
				CLANG_WARN_INFINITE_RECURSION = YES;
				CLANG_WARN_INT_CONVERSION = YES;
				CLANG_WARN_OBJC_ROOT_CLASS = YES_ERROR;
				CLANG_WARN_SUSPICIOUS_MOVE = YES;
				CLANG_WARN_UNREACHABLE_CODE = YES;
				CLANG_WARN__DUPLICATE_METHOD_MATCH = YES;
				"CODE_SIGN_IDENTITY[sdk=iphoneos*]" = "iPhone Developer";
				COPY_PHASE_STRIP = NO;
				DEBUG_INFORMATION_FORMAT = dwarf;
				ENABLE_STRICT_OBJC_MSGSEND = YES;
				ENABLE_TESTABILITY = YES;
				GCC_C_LANGUAGE_STANDARD = gnu99;
				GCC_DYNAMIC_NO_PIC = NO;
				GCC_NO_COMMON_BLOCKS = YES;
				GCC_OPTIMIZATION_LEVEL = 0;
				GCC_PREPROCESSOR_DEFINITIONS = (
					"DEBUG=1",
					"$(inherited)",
				);
				GCC_WARN_64_TO_32_BIT_CONVERSION = YES;
				GCC_WARN_ABOUT_RETURN_TYPE = YES_ERROR;
				GCC_WARN_UNDECLARED_SELECTOR = YES;
				GCC_WARN_UNINITIALIZED_AUTOS = YES_AGGRESSIVE;
				GCC_WARN_UNUSED_FUNCTION = YES;
				GCC_WARN_UNUSED_VARIABLE = YES;
				IPHONEOS_DEPLOYMENT_TARGET = 10.3;
				MTL_ENABLE_DEBUG_INFO = YES;
				ONLY_ACTIVE_ARCH = YES;
				SDKROOT = iphoneos;
				TARGETED_DEVICE_FAMILY = "1,2";
			};
			name = Debug;
		};
		2909375E1EFAB41B00B4899B /* Release */ = {
			isa = XCBuildConfiguration;
			buildSettings = {
				ALWAYS_SEARCH_USER_PATHS = NO;
				CLANG_ANALYZER_NONNULL = YES;
				CLANG_ANALYZER_NUMBER_OBJECT_CONVERSION = YES_AGGRESSIVE;
				CLANG_CXX_LANGUAGE_STANDARD = "gnu++0x";
				CLANG_CXX_LIBRARY = "libc++";
				CLANG_ENABLE_MODULES = YES;
				CLANG_ENABLE_OBJC_ARC = YES;
				CLANG_WARN_BOOL_CONVERSION = YES;
				CLANG_WARN_CONSTANT_CONVERSION = YES;
				CLANG_WARN_DIRECT_OBJC_ISA_USAGE = YES_ERROR;
				CLANG_WARN_DOCUMENTATION_COMMENTS = YES;
				CLANG_WARN_EMPTY_BODY = YES;
				CLANG_WARN_ENUM_CONVERSION = YES;
				CLANG_WARN_INFINITE_RECURSION = YES;
				CLANG_WARN_INT_CONVERSION = YES;
				CLANG_WARN_OBJC_ROOT_CLASS = YES_ERROR;
				CLANG_WARN_SUSPICIOUS_MOVE = YES;
				CLANG_WARN_UNREACHABLE_CODE = YES;
				CLANG_WARN__DUPLICATE_METHOD_MATCH = YES;
				"CODE_SIGN_IDENTITY[sdk=iphoneos*]" = "iPhone Developer";
				COPY_PHASE_STRIP = NO;
				DEBUG_INFORMATION_FORMAT = "dwarf-with-dsym";
				ENABLE_NS_ASSERTIONS = NO;
				ENABLE_STRICT_OBJC_MSGSEND = YES;
				GCC_C_LANGUAGE_STANDARD = gnu99;
				GCC_NO_COMMON_BLOCKS = YES;
				GCC_WARN_64_TO_32_BIT_CONVERSION = YES;
				GCC_WARN_ABOUT_RETURN_TYPE = YES_ERROR;
				GCC_WARN_UNDECLARED_SELECTOR = YES;
				GCC_WARN_UNINITIALIZED_AUTOS = YES_AGGRESSIVE;
				GCC_WARN_UNUSED_FUNCTION = YES;
				GCC_WARN_UNUSED_VARIABLE = YES;
				IPHONEOS_DEPLOYMENT_TARGET = 10.3;
				MTL_ENABLE_DEBUG_INFO = NO;
				SDKROOT = iphoneos;
				TARGETED_DEVICE_FAMILY = "1,2";
				VALIDATE_PRODUCT = YES;
			};
			name = Release;
		};
		290937601EFAB41B00B4899B /* Debug */ = {
			isa = XCBuildConfiguration;
			buildSettings = {
				ASSETCATALOG_COMPILER_APPICON_NAME = AppIcon;
				DEVELOPMENT_TEAM = 7KUJW9SX23;
				INFOPLIST_FILE = "Git Demo/Info.plist";
				LD_RUNPATH_SEARCH_PATHS = "$(inherited) @executable_path/Frameworks";
				PRODUCT_BUNDLE_IDENTIFIER = "Offsureit.Git-Demo";
				PRODUCT_NAME = "$(TARGET_NAME)";
			};
			name = Debug;
		};
		290937611EFAB41B00B4899B /* Release */ = {
			isa = XCBuildConfiguration;
			buildSettings = {
				ASSETCATALOG_COMPILER_APPICON_NAME = AppIcon;
				DEVELOPMENT_TEAM = 7KUJW9SX23;
				INFOPLIST_FILE = "Git Demo/Info.plist";
				LD_RUNPATH_SEARCH_PATHS = "$(inherited) @executable_path/Frameworks";
				PRODUCT_BUNDLE_IDENTIFIER = "Offsureit.Git-Demo";
				PRODUCT_NAME = "$(TARGET_NAME)";
			};
			name = Release;
		};
/* End XCBuildConfiguration section */

/* Begin XCConfigurationList section */
		290937431EFAB41B00B4899B /* Build configuration list for PBXProject "Git Demo" */ = {
			isa = XCConfigurationList;
			buildConfigurations = (
				2909375D1EFAB41B00B4899B /* Debug */,
				2909375E1EFAB41B00B4899B /* Release */,
			);
			defaultConfigurationIsVisible = 0;
			defaultConfigurationName = Release;
		};
		2909375F1EFAB41B00B4899B /* Build configuration list for PBXNativeTarget "Git Demo" */ = {
			isa = XCConfigurationList;
			buildConfigurations = (
				290937601EFAB41B00B4899B /* Debug */,
				290937611EFAB41B00B4899B /* Release */,
			);
			defaultConfigurationIsVisible = 0;
		};
/* End XCConfigurationList section */
	};
	rootObject = 290937401EFAB41B00B4899B /* Project object */;
}
